// !$*UTF8*$!
{
	archiveVersion = 1;
	classes = {
	};
	objectVersion = 55;
	objects = {

/* Begin PBXBuildFile section */
		59E6981ED84EF55DFDF06C46 /* Pods_InvoiceManager.framework in Frameworks */ = {isa = PBXBuildFile; fileRef = 4EB9CFB4E3B193C426DF2787 /* Pods_InvoiceManager.framework */; };
		7045118C28849B31007C9FC6 /* PDFViewerViewController.swift in Sources */ = {isa = PBXBuildFile; fileRef = 7045118B28849B31007C9FC6 /* PDFViewerViewController.swift */; };
		BA36C35828760BD300D65CEF /* Event.swift in Sources */ = {isa = PBXBuildFile; fileRef = BA36C35728760BD300D65CEF /* Event.swift */; };
		BA36C35A28760CD300D65CEF /* Invoice.swift in Sources */ = {isa = PBXBuildFile; fileRef = BA36C35928760CD300D65CEF /* Invoice.swift */; };
		BA36C35C28760D6E00D65CEF /* Customer.swift in Sources */ = {isa = PBXBuildFile; fileRef = BA36C35B28760D6E00D65CEF /* Customer.swift */; };
		D92842F7287CF74700EA2C41 /* EventDetailsCollectionViewCell.swift in Sources */ = {isa = PBXBuildFile; fileRef = D92842F6287CF74700EA2C41 /* EventDetailsCollectionViewCell.swift */; };
		D92842F9287CF76400EA2C41 /* CustomerPreviewViewController.swift in Sources */ = {isa = PBXBuildFile; fileRef = D92842F8287CF76400EA2C41 /* CustomerPreviewViewController.swift */; };
		E538AE27286CDB1F0002AB38 /* CustomerViewModel.swift in Sources */ = {isa = PBXBuildFile; fileRef = E538AE25286CDB1F0002AB38 /* CustomerViewModel.swift */; };
		E538AE28286CDB1F0002AB38 /* EventViewModel.swift in Sources */ = {isa = PBXBuildFile; fileRef = E538AE26286CDB1F0002AB38 /* EventViewModel.swift */; };
		E538AE2A286CE0710002AB38 /* UserSetting.swift in Sources */ = {isa = PBXBuildFile; fileRef = E538AE29286CE0710002AB38 /* UserSetting.swift */; };
		E538AE2C286CE2440002AB38 /* AppDataManager.swift in Sources */ = {isa = PBXBuildFile; fileRef = E538AE2B286CE2440002AB38 /* AppDataManager.swift */; };
		E538AE2E286CE5700002AB38 /* InvoiceHistoryViewModel.swift in Sources */ = {isa = PBXBuildFile; fileRef = E538AE2D286CE5700002AB38 /* InvoiceHistoryViewModel.swift */; };
		E5552C1E2865204700D299BB /* AppDelegate.swift in Sources */ = {isa = PBXBuildFile; fileRef = E5552C1D2865204700D299BB /* AppDelegate.swift */; };
		E5552C202865204700D299BB /* SceneDelegate.swift in Sources */ = {isa = PBXBuildFile; fileRef = E5552C1F2865204700D299BB /* SceneDelegate.swift */; };
		E5552C252865204700D299BB /* Main.storyboard in Resources */ = {isa = PBXBuildFile; fileRef = E5552C232865204700D299BB /* Main.storyboard */; };
		E5552C272865204900D299BB /* Assets.xcassets in Resources */ = {isa = PBXBuildFile; fileRef = E5552C262865204900D299BB /* Assets.xcassets */; };
		E5552C2A2865204900D299BB /* LaunchScreen.storyboard in Resources */ = {isa = PBXBuildFile; fileRef = E5552C282865204900D299BB /* LaunchScreen.storyboard */; };
		E5552C32286539B400D299BB /* TitleViewController.swift in Sources */ = {isa = PBXBuildFile; fileRef = E5552C31286539B400D299BB /* TitleViewController.swift */; };
		E5552C3628653B0700D299BB /* ImportCalenderViewController.swift in Sources */ = {isa = PBXBuildFile; fileRef = E5552C3528653B0700D299BB /* ImportCalenderViewController.swift */; };
		E5A7427C286BEDA6009E723C /* CalenderEventsCollectionViewCell.swift in Sources */ = {isa = PBXBuildFile; fileRef = E5A7427B286BEDA6009E723C /* CalenderEventsCollectionViewCell.swift */; };
		E5A7427E286BF87A009E723C /* EventNamedSectionHeaderView.swift in Sources */ = {isa = PBXBuildFile; fileRef = E5A7427D286BF87A009E723C /* EventNamedSectionHeaderView.swift */; };
		E5A74280286CC7BE009E723C /* CheckboxButton.swift in Sources */ = {isa = PBXBuildFile; fileRef = E5A7427F286CC7BE009E723C /* CheckboxButton.swift */; };
		E5B9F6F62874970B00F8EDF3 /* InvoiceHomeViewController.swift in Sources */ = {isa = PBXBuildFile; fileRef = E5B9F6F52874970B00F8EDF3 /* InvoiceHomeViewController.swift */; };
		E5B9F6F82874972100F8EDF3 /* CustomerHomeViewController.swift in Sources */ = {isa = PBXBuildFile; fileRef = E5B9F6F72874972100F8EDF3 /* CustomerHomeViewController.swift */; };
		E5B9F6FA2874976800F8EDF3 /* InvoiceHomeTableViewCell.swift in Sources */ = {isa = PBXBuildFile; fileRef = E5B9F6F92874976800F8EDF3 /* InvoiceHomeTableViewCell.swift */; };
		E5B9F7062877A9E400F8EDF3 /* MonthYearDatePickerView.swift in Sources */ = {isa = PBXBuildFile; fileRef = E5B9F7052877A9E400F8EDF3 /* MonthYearDatePickerView.swift */; };
		E5CD102A287B5FFD00A3AAEE /* Date+Extensions.swift in Sources */ = {isa = PBXBuildFile; fileRef = E5CD1029287B5FFD00A3AAEE /* Date+Extensions.swift */; };
		F256DB4528754D5C0031CC05 /* InvoiceManagerTests.swift in Sources */ = {isa = PBXBuildFile; fileRef = F256DB4428754D5C0031CC05 /* InvoiceManagerTests.swift */; };
/* End PBXBuildFile section */

/* Begin PBXContainerItemProxy section */
		F256DB4628754D5C0031CC05 /* PBXContainerItemProxy */ = {
			isa = PBXContainerItemProxy;
			containerPortal = E5552C122865204600D299BB /* Project object */;
			proxyType = 1;
			remoteGlobalIDString = E5552C192865204700D299BB;
			remoteInfo = InvoiceManager;
		};
/* End PBXContainerItemProxy section */

/* Begin PBXFileReference section */
		4EB9CFB4E3B193C426DF2787 /* Pods_InvoiceManager.framework */ = {isa = PBXFileReference; explicitFileType = wrapper.framework; includeInIndex = 0; path = Pods_InvoiceManager.framework; sourceTree = BUILT_PRODUCTS_DIR; };
		566D5FFAB98B1038A40F8065 /* Pods-InvoiceManager.debug.xcconfig */ = {isa = PBXFileReference; includeInIndex = 1; lastKnownFileType = text.xcconfig; name = "Pods-InvoiceManager.debug.xcconfig"; path = "Target Support Files/Pods-InvoiceManager/Pods-InvoiceManager.debug.xcconfig"; sourceTree = "<group>"; };
		7045118B28849B31007C9FC6 /* PDFViewerViewController.swift */ = {isa = PBXFileReference; lastKnownFileType = sourcecode.swift; path = PDFViewerViewController.swift; sourceTree = "<group>"; };
		7E289C8C880981B9BD7627EB /* Pods-InvoiceManager.release.xcconfig */ = {isa = PBXFileReference; includeInIndex = 1; lastKnownFileType = text.xcconfig; name = "Pods-InvoiceManager.release.xcconfig"; path = "Target Support Files/Pods-InvoiceManager/Pods-InvoiceManager.release.xcconfig"; sourceTree = "<group>"; };
		BA36C35728760BD300D65CEF /* Event.swift */ = {isa = PBXFileReference; lastKnownFileType = sourcecode.swift; path = Event.swift; sourceTree = "<group>"; };
		BA36C35928760CD300D65CEF /* Invoice.swift */ = {isa = PBXFileReference; lastKnownFileType = sourcecode.swift; path = Invoice.swift; sourceTree = "<group>"; };
		BA36C35B28760D6E00D65CEF /* Customer.swift */ = {isa = PBXFileReference; lastKnownFileType = sourcecode.swift; path = Customer.swift; sourceTree = "<group>"; };
		D92842F6287CF74700EA2C41 /* EventDetailsCollectionViewCell.swift */ = {isa = PBXFileReference; lastKnownFileType = sourcecode.swift; path = EventDetailsCollectionViewCell.swift; sourceTree = "<group>"; };
		D92842F8287CF76400EA2C41 /* CustomerPreviewViewController.swift */ = {isa = PBXFileReference; lastKnownFileType = sourcecode.swift; path = CustomerPreviewViewController.swift; sourceTree = "<group>"; };
		E538AE25286CDB1F0002AB38 /* CustomerViewModel.swift */ = {isa = PBXFileReference; fileEncoding = 4; lastKnownFileType = sourcecode.swift; path = CustomerViewModel.swift; sourceTree = "<group>"; };
		E538AE26286CDB1F0002AB38 /* EventViewModel.swift */ = {isa = PBXFileReference; fileEncoding = 4; lastKnownFileType = sourcecode.swift; path = EventViewModel.swift; sourceTree = "<group>"; };
		E538AE29286CE0710002AB38 /* UserSetting.swift */ = {isa = PBXFileReference; lastKnownFileType = sourcecode.swift; path = UserSetting.swift; sourceTree = "<group>"; };
		E538AE2B286CE2440002AB38 /* AppDataManager.swift */ = {isa = PBXFileReference; lastKnownFileType = sourcecode.swift; path = AppDataManager.swift; sourceTree = "<group>"; };
		E538AE2D286CE5700002AB38 /* InvoiceHistoryViewModel.swift */ = {isa = PBXFileReference; lastKnownFileType = sourcecode.swift; path = InvoiceHistoryViewModel.swift; sourceTree = "<group>"; };
		E5552C1A2865204700D299BB /* InvoiceManager.app */ = {isa = PBXFileReference; explicitFileType = wrapper.application; includeInIndex = 0; path = InvoiceManager.app; sourceTree = BUILT_PRODUCTS_DIR; };
		E5552C1D2865204700D299BB /* AppDelegate.swift */ = {isa = PBXFileReference; lastKnownFileType = sourcecode.swift; path = AppDelegate.swift; sourceTree = "<group>"; };
		E5552C1F2865204700D299BB /* SceneDelegate.swift */ = {isa = PBXFileReference; lastKnownFileType = sourcecode.swift; path = SceneDelegate.swift; sourceTree = "<group>"; };
		E5552C242865204700D299BB /* Base */ = {isa = PBXFileReference; lastKnownFileType = file.storyboard; name = Base; path = Base.lproj/Main.storyboard; sourceTree = "<group>"; };
		E5552C262865204900D299BB /* Assets.xcassets */ = {isa = PBXFileReference; lastKnownFileType = folder.assetcatalog; path = Assets.xcassets; sourceTree = "<group>"; };
		E5552C292865204900D299BB /* Base */ = {isa = PBXFileReference; lastKnownFileType = file.storyboard; name = Base; path = Base.lproj/LaunchScreen.storyboard; sourceTree = "<group>"; };
		E5552C2B2865204900D299BB /* Info.plist */ = {isa = PBXFileReference; lastKnownFileType = text.plist.xml; path = Info.plist; sourceTree = "<group>"; };
		E5552C31286539B400D299BB /* TitleViewController.swift */ = {isa = PBXFileReference; lastKnownFileType = sourcecode.swift; path = TitleViewController.swift; sourceTree = "<group>"; };
		E5552C3528653B0700D299BB /* ImportCalenderViewController.swift */ = {isa = PBXFileReference; lastKnownFileType = sourcecode.swift; path = ImportCalenderViewController.swift; sourceTree = "<group>"; };
		E5A7427B286BEDA6009E723C /* CalenderEventsCollectionViewCell.swift */ = {isa = PBXFileReference; lastKnownFileType = sourcecode.swift; path = CalenderEventsCollectionViewCell.swift; sourceTree = "<group>"; };
		E5A7427D286BF87A009E723C /* EventNamedSectionHeaderView.swift */ = {isa = PBXFileReference; lastKnownFileType = sourcecode.swift; path = EventNamedSectionHeaderView.swift; sourceTree = "<group>"; };
		E5A7427F286CC7BE009E723C /* CheckboxButton.swift */ = {isa = PBXFileReference; lastKnownFileType = sourcecode.swift; path = CheckboxButton.swift; sourceTree = "<group>"; };
		E5B9F6F52874970B00F8EDF3 /* InvoiceHomeViewController.swift */ = {isa = PBXFileReference; lastKnownFileType = sourcecode.swift; path = InvoiceHomeViewController.swift; sourceTree = "<group>"; };
		E5B9F6F72874972100F8EDF3 /* CustomerHomeViewController.swift */ = {isa = PBXFileReference; lastKnownFileType = sourcecode.swift; path = CustomerHomeViewController.swift; sourceTree = "<group>"; };
		E5B9F6F92874976800F8EDF3 /* InvoiceHomeTableViewCell.swift */ = {isa = PBXFileReference; lastKnownFileType = sourcecode.swift; path = InvoiceHomeTableViewCell.swift; sourceTree = "<group>"; };
		E5B9F7052877A9E400F8EDF3 /* MonthYearDatePickerView.swift */ = {isa = PBXFileReference; lastKnownFileType = sourcecode.swift; path = MonthYearDatePickerView.swift; sourceTree = "<group>"; };
		E5CD1029287B5FFD00A3AAEE /* Date+Extensions.swift */ = {isa = PBXFileReference; lastKnownFileType = sourcecode.swift; path = "Date+Extensions.swift"; sourceTree = "<group>"; };
		F256DB4228754D5C0031CC05 /* InvoiceManagerTests.xctest */ = {isa = PBXFileReference; explicitFileType = wrapper.cfbundle; includeInIndex = 0; path = InvoiceManagerTests.xctest; sourceTree = BUILT_PRODUCTS_DIR; };
		F256DB4428754D5C0031CC05 /* InvoiceManagerTests.swift */ = {isa = PBXFileReference; lastKnownFileType = sourcecode.swift; path = InvoiceManagerTests.swift; sourceTree = "<group>"; };
/* End PBXFileReference section */

/* Begin PBXFrameworksBuildPhase section */
		E5552C172865204700D299BB /* Frameworks */ = {
			isa = PBXFrameworksBuildPhase;
			buildActionMask = 2147483647;
			files = (
				59E6981ED84EF55DFDF06C46 /* Pods_InvoiceManager.framework in Frameworks */,
			);
			runOnlyForDeploymentPostprocessing = 0;
		};
		F256DB3F28754D5C0031CC05 /* Frameworks */ = {
			isa = PBXFrameworksBuildPhase;
			buildActionMask = 2147483647;
			files = (
			);
			runOnlyForDeploymentPostprocessing = 0;
		};
/* End PBXFrameworksBuildPhase section */

/* Begin PBXGroup section */
		4CBD05B966ED687ABEDDC26B /* Pods */ = {
			isa = PBXGroup;
			children = (
				566D5FFAB98B1038A40F8065 /* Pods-InvoiceManager.debug.xcconfig */,
				7E289C8C880981B9BD7627EB /* Pods-InvoiceManager.release.xcconfig */,
			);
			path = Pods;
			sourceTree = "<group>";
		};
		A75A464C2470C2AB7C9E0FB8 /* Frameworks */ = {
			isa = PBXGroup;
			children = (
				4EB9CFB4E3B193C426DF2787 /* Pods_InvoiceManager.framework */,
			);
			name = Frameworks;
			sourceTree = "<group>";
		};
		BA36C351287605C900D65CEF /* Models */ = {
			isa = PBXGroup;
			children = (
				BA36C35B28760D6E00D65CEF /* Customer.swift */,
				BA36C35728760BD300D65CEF /* Event.swift */,
				BA36C35928760CD300D65CEF /* Invoice.swift */,
				E538AE29286CE0710002AB38 /* UserSetting.swift */,
			);
			path = Models;
			sourceTree = "<group>";
		};
		BA36C3542876081C00D65CEF /* ViewModels */ = {
			isa = PBXGroup;
			children = (
				E538AE25286CDB1F0002AB38 /* CustomerViewModel.swift */,
				E538AE2D286CE5700002AB38 /* InvoiceHistoryViewModel.swift */,
				E538AE26286CDB1F0002AB38 /* EventViewModel.swift */,
			);
			path = ViewModels;
			sourceTree = "<group>";
		};
		BA36C35D287611D100D65CEF /* ViewControllers */ = {
			isa = PBXGroup;
			children = (
				E5A7427B286BEDA6009E723C /* CalenderEventsCollectionViewCell.swift */,
				E5A7427F286CC7BE009E723C /* CheckboxButton.swift */,
				E5B9F6F72874972100F8EDF3 /* CustomerHomeViewController.swift */,
				E5A7427D286BF87A009E723C /* EventNamedSectionHeaderView.swift */,
				E5552C3528653B0700D299BB /* ImportCalenderViewController.swift */,
				E5B9F6F92874976800F8EDF3 /* InvoiceHomeTableViewCell.swift */,
				E5B9F6F52874970B00F8EDF3 /* InvoiceHomeViewController.swift */,
				E5552C31286539B400D299BB /* TitleViewController.swift */,
				E5B9F7052877A9E400F8EDF3 /* MonthYearDatePickerView.swift */,
				D92842F8287CF76400EA2C41 /* CustomerPreviewViewController.swift */,
				D92842F6287CF74700EA2C41 /* EventDetailsCollectionViewCell.swift */,
				7045118B28849B31007C9FC6 /* PDFViewerViewController.swift */,
			);
			path = ViewControllers;
			sourceTree = "<group>";
		};
		BA36C35E2876162300D65CEF /* Utilities */ = {
			isa = PBXGroup;
			children = (
				E538AE2B286CE2440002AB38 /* AppDataManager.swift */,
				E5CD1029287B5FFD00A3AAEE /* Date+Extensions.swift */,
			);
			path = Utilities;
			sourceTree = "<group>";
		};
		E5552C112865204600D299BB = {
			isa = PBXGroup;
			children = (
				E5552C1C2865204700D299BB /* InvoiceManager */,
				F256DB4328754D5C0031CC05 /* InvoiceManagerTests */,
				E5552C1B2865204700D299BB /* Products */,
				4CBD05B966ED687ABEDDC26B /* Pods */,
				A75A464C2470C2AB7C9E0FB8 /* Frameworks */,
			);
			sourceTree = "<group>";
		};
		E5552C1B2865204700D299BB /* Products */ = {
			isa = PBXGroup;
			children = (
				E5552C1A2865204700D299BB /* InvoiceManager.app */,
				F256DB4228754D5C0031CC05 /* InvoiceManagerTests.xctest */,
			);
			name = Products;
			sourceTree = "<group>";
		};
		E5552C1C2865204700D299BB /* InvoiceManager */ = {
			isa = PBXGroup;
			children = (
				BA36C351287605C900D65CEF /* Models */,
				BA36C3542876081C00D65CEF /* ViewModels */,
				BA36C35D287611D100D65CEF /* ViewControllers */,
				BA36C35E2876162300D65CEF /* Utilities */,
				E5552C1D2865204700D299BB /* AppDelegate.swift */,
				E5552C1F2865204700D299BB /* SceneDelegate.swift */,
				E5552C232865204700D299BB /* Main.storyboard */,
				E5552C262865204900D299BB /* Assets.xcassets */,
				E5552C282865204900D299BB /* LaunchScreen.storyboard */,
				E5552C2B2865204900D299BB /* Info.plist */,
			);
			path = InvoiceManager;
			sourceTree = "<group>";
		};
		F256DB4328754D5C0031CC05 /* InvoiceManagerTests */ = {
			isa = PBXGroup;
			children = (
				F256DB4428754D5C0031CC05 /* InvoiceManagerTests.swift */,
			);
			path = InvoiceManagerTests;
			sourceTree = "<group>";
		};
/* End PBXGroup section */

/* Begin PBXNativeTarget section */
		E5552C192865204700D299BB /* InvoiceManager */ = {
			isa = PBXNativeTarget;
			buildConfigurationList = E5552C2E2865204900D299BB /* Build configuration list for PBXNativeTarget "InvoiceManager" */;
			buildPhases = (
				C579E58929DC07982E2EF6C5 /* [CP] Check Pods Manifest.lock */,
				F256DB3D2874A2F90031CC05 /* ShellScript */,
				E5552C162865204700D299BB /* Sources */,
				E5552C172865204700D299BB /* Frameworks */,
				E5552C182865204700D299BB /* Resources */,
				2D83C08D5E13307AED1AC083 /* [CP] Embed Pods Frameworks */,
			);
			buildRules = (
			);
			dependencies = (
			);
			name = InvoiceManager;
			productName = InvoiceManager;
			productReference = E5552C1A2865204700D299BB /* InvoiceManager.app */;
			productType = "com.apple.product-type.application";
		};
		F256DB4128754D5C0031CC05 /* InvoiceManagerTests */ = {
			isa = PBXNativeTarget;
			buildConfigurationList = F256DB4A28754D5C0031CC05 /* Build configuration list for PBXNativeTarget "InvoiceManagerTests" */;
			buildPhases = (
				F256DB3E28754D5C0031CC05 /* Sources */,
				F256DB3F28754D5C0031CC05 /* Frameworks */,
				F256DB4028754D5C0031CC05 /* Resources */,
			);
			buildRules = (
			);
			dependencies = (
				F256DB4728754D5C0031CC05 /* PBXTargetDependency */,
			);
			name = InvoiceManagerTests;
			productName = InvoiceManagerTests;
			productReference = F256DB4228754D5C0031CC05 /* InvoiceManagerTests.xctest */;
			productType = "com.apple.product-type.bundle.unit-test";
		};
/* End PBXNativeTarget section */

/* Begin PBXProject section */
		E5552C122865204600D299BB /* Project object */ = {
			isa = PBXProject;
			attributes = {
				BuildIndependentTargetsInParallel = 1;
				LastSwiftUpdateCheck = 1340;
				LastUpgradeCheck = 1330;
				TargetAttributes = {
					E5552C192865204700D299BB = {
						CreatedOnToolsVersion = 13.3.1;
					};
					F256DB4128754D5C0031CC05 = {
						CreatedOnToolsVersion = 13.4.1;
						TestTargetID = E5552C192865204700D299BB;
					};
				};
			};
			buildConfigurationList = E5552C152865204600D299BB /* Build configuration list for PBXProject "InvoiceManager" */;
			compatibilityVersion = "Xcode 13.0";
			developmentRegion = en;
			hasScannedForEncodings = 0;
			knownRegions = (
				en,
				Base,
			);
			mainGroup = E5552C112865204600D299BB;
			productRefGroup = E5552C1B2865204700D299BB /* Products */;
			projectDirPath = "";
			projectRoot = "";
			targets = (
				E5552C192865204700D299BB /* InvoiceManager */,
				F256DB4128754D5C0031CC05 /* InvoiceManagerTests */,
			);
		};
/* End PBXProject section */

/* Begin PBXResourcesBuildPhase section */
		E5552C182865204700D299BB /* Resources */ = {
			isa = PBXResourcesBuildPhase;
			buildActionMask = 2147483647;
			files = (
				E5552C2A2865204900D299BB /* LaunchScreen.storyboard in Resources */,
				E5552C272865204900D299BB /* Assets.xcassets in Resources */,
				E5552C252865204700D299BB /* Main.storyboard in Resources */,
			);
			runOnlyForDeploymentPostprocessing = 0;
		};
		F256DB4028754D5C0031CC05 /* Resources */ = {
			isa = PBXResourcesBuildPhase;
			buildActionMask = 2147483647;
			files = (
			);
			runOnlyForDeploymentPostprocessing = 0;
		};
/* End PBXResourcesBuildPhase section */

/* Begin PBXShellScriptBuildPhase section */
		2D83C08D5E13307AED1AC083 /* [CP] Embed Pods Frameworks */ = {
			isa = PBXShellScriptBuildPhase;
			buildActionMask = 2147483647;
			files = (
			);
			inputFileListPaths = (
				"${PODS_ROOT}/Target Support Files/Pods-InvoiceManager/Pods-InvoiceManager-frameworks-${CONFIGURATION}-input-files.xcfilelist",
			);
			name = "[CP] Embed Pods Frameworks";
			outputFileListPaths = (
				"${PODS_ROOT}/Target Support Files/Pods-InvoiceManager/Pods-InvoiceManager-frameworks-${CONFIGURATION}-output-files.xcfilelist",
			);
			runOnlyForDeploymentPostprocessing = 0;
			shellPath = /bin/sh;
			shellScript = "\"${PODS_ROOT}/Target Support Files/Pods-InvoiceManager/Pods-InvoiceManager-frameworks.sh\"\n";
			showEnvVarsInLog = 0;
		};
		C579E58929DC07982E2EF6C5 /* [CP] Check Pods Manifest.lock */ = {
			isa = PBXShellScriptBuildPhase;
			buildActionMask = 2147483647;
			files = (
			);
			inputFileListPaths = (
			);
			inputPaths = (
				"${PODS_PODFILE_DIR_PATH}/Podfile.lock",
				"${PODS_ROOT}/Manifest.lock",
			);
			name = "[CP] Check Pods Manifest.lock";
			outputFileListPaths = (
			);
			outputPaths = (
				"$(DERIVED_FILE_DIR)/Pods-InvoiceManager-checkManifestLockResult.txt",
			);
			runOnlyForDeploymentPostprocessing = 0;
			shellPath = /bin/sh;
			shellScript = "diff \"${PODS_PODFILE_DIR_PATH}/Podfile.lock\" \"${PODS_ROOT}/Manifest.lock\" > /dev/null\nif [ $? != 0 ] ; then\n    # print error to STDERR\n    echo \"error: The sandbox is not in sync with the Podfile.lock. Run 'pod install' or update your CocoaPods installation.\" >&2\n    exit 1\nfi\n# This output is used by Xcode 'outputs' to avoid re-running this script phase.\necho \"SUCCESS\" > \"${SCRIPT_OUTPUT_FILE_0}\"\n";
			showEnvVarsInLog = 0;
		};
		F256DB3D2874A2F90031CC05 /* ShellScript */ = {
			isa = PBXShellScriptBuildPhase;
			buildActionMask = 2147483647;
			files = (
			);
			inputFileListPaths = (
			);
			inputPaths = (
			);
			outputFileListPaths = (
			);
			outputPaths = (
			);
			runOnlyForDeploymentPostprocessing = 0;
			shellPath = /bin/sh;
			shellScript = "\"${PODS_ROOT}/SwiftLint/swiftlint\"\n";
		};
/* End PBXShellScriptBuildPhase section */

/* Begin PBXSourcesBuildPhase section */
		E5552C162865204700D299BB /* Sources */ = {
			isa = PBXSourcesBuildPhase;
			buildActionMask = 2147483647;
			files = (
				E5A7427E286BF87A009E723C /* EventNamedSectionHeaderView.swift in Sources */,
				E5CD102A287B5FFD00A3AAEE /* Date+Extensions.swift in Sources */,
				E5A74280286CC7BE009E723C /* CheckboxButton.swift in Sources */,
				E538AE28286CDB1F0002AB38 /* EventViewModel.swift in Sources */,
				E5B9F6FA2874976800F8EDF3 /* InvoiceHomeTableViewCell.swift in Sources */,
				D92842F9287CF76400EA2C41 /* CustomerPreviewViewController.swift in Sources */,
				D92842F7287CF74700EA2C41 /* EventDetailsCollectionViewCell.swift in Sources */,
				E538AE2E286CE5700002AB38 /* InvoiceHistoryViewModel.swift in Sources */,
				E5552C1E2865204700D299BB /* AppDelegate.swift in Sources */,
				E5B9F7062877A9E400F8EDF3 /* MonthYearDatePickerView.swift in Sources */,
				E5552C3628653B0700D299BB /* ImportCalenderViewController.swift in Sources */,
				E538AE2A286CE0710002AB38 /* UserSetting.swift in Sources */,
				7045118C28849B31007C9FC6 /* PDFViewerViewController.swift in Sources */,
				BA36C35828760BD300D65CEF /* Event.swift in Sources */,
				E5B9F6F62874970B00F8EDF3 /* InvoiceHomeViewController.swift in Sources */,
				BA36C35A28760CD300D65CEF /* Invoice.swift in Sources */,
				E538AE27286CDB1F0002AB38 /* CustomerViewModel.swift in Sources */,
				BA36C35C28760D6E00D65CEF /* Customer.swift in Sources */,
				E538AE2C286CE2440002AB38 /* AppDataManager.swift in Sources */,
				E5552C202865204700D299BB /* SceneDelegate.swift in Sources */,
				E5A7427C286BEDA6009E723C /* CalenderEventsCollectionViewCell.swift in Sources */,
				E5B9F6F82874972100F8EDF3 /* CustomerHomeViewController.swift in Sources */,
				E5552C32286539B400D299BB /* TitleViewController.swift in Sources */,
			);
			runOnlyForDeploymentPostprocessing = 0;
		};
		F256DB3E28754D5C0031CC05 /* Sources */ = {
			isa = PBXSourcesBuildPhase;
			buildActionMask = 2147483647;
			files = (
				F256DB4528754D5C0031CC05 /* InvoiceManagerTests.swift in Sources */,
			);
			runOnlyForDeploymentPostprocessing = 0;
		};
/* End PBXSourcesBuildPhase section */

/* Begin PBXTargetDependency section */
		F256DB4728754D5C0031CC05 /* PBXTargetDependency */ = {
			isa = PBXTargetDependency;
			target = E5552C192865204700D299BB /* InvoiceManager */;
			targetProxy = F256DB4628754D5C0031CC05 /* PBXContainerItemProxy */;
		};
/* End PBXTargetDependency section */

/* Begin PBXVariantGroup section */
		E5552C232865204700D299BB /* Main.storyboard */ = {
			isa = PBXVariantGroup;
			children = (
				E5552C242865204700D299BB /* Base */,
			);
			name = Main.storyboard;
			sourceTree = "<group>";
		};
		E5552C282865204900D299BB /* LaunchScreen.storyboard */ = {
			isa = PBXVariantGroup;
			children = (
				E5552C292865204900D299BB /* Base */,
			);
			name = LaunchScreen.storyboard;
			sourceTree = "<group>";
		};
/* End PBXVariantGroup section */

/* Begin XCBuildConfiguration section */
		E5552C2C2865204900D299BB /* Debug */ = {
			isa = XCBuildConfiguration;
			buildSettings = {
				ALWAYS_SEARCH_USER_PATHS = NO;
				CLANG_ANALYZER_NONNULL = YES;
				CLANG_ANALYZER_NUMBER_OBJECT_CONVERSION = YES_AGGRESSIVE;
				CLANG_CXX_LANGUAGE_STANDARD = "gnu++17";
				CLANG_ENABLE_MODULES = YES;
				CLANG_ENABLE_OBJC_ARC = YES;
				CLANG_ENABLE_OBJC_WEAK = YES;
				CLANG_WARN_BLOCK_CAPTURE_AUTORELEASING = YES;
				CLANG_WARN_BOOL_CONVERSION = YES;
				CLANG_WARN_COMMA = YES;
				CLANG_WARN_CONSTANT_CONVERSION = YES;
				CLANG_WARN_DEPRECATED_OBJC_IMPLEMENTATIONS = YES;
				CLANG_WARN_DIRECT_OBJC_ISA_USAGE = YES_ERROR;
				CLANG_WARN_DOCUMENTATION_COMMENTS = YES;
				CLANG_WARN_EMPTY_BODY = YES;
				CLANG_WARN_ENUM_CONVERSION = YES;
				CLANG_WARN_INFINITE_RECURSION = YES;
				CLANG_WARN_INT_CONVERSION = YES;
				CLANG_WARN_NON_LITERAL_NULL_CONVERSION = YES;
				CLANG_WARN_OBJC_IMPLICIT_RETAIN_SELF = YES;
				CLANG_WARN_OBJC_LITERAL_CONVERSION = YES;
				CLANG_WARN_OBJC_ROOT_CLASS = YES_ERROR;
				CLANG_WARN_QUOTED_INCLUDE_IN_FRAMEWORK_HEADER = YES;
				CLANG_WARN_RANGE_LOOP_ANALYSIS = YES;
				CLANG_WARN_STRICT_PROTOTYPES = YES;
				CLANG_WARN_SUSPICIOUS_MOVE = YES;
				CLANG_WARN_UNGUARDED_AVAILABILITY = YES_AGGRESSIVE;
				CLANG_WARN_UNREACHABLE_CODE = YES;
				CLANG_WARN__DUPLICATE_METHOD_MATCH = YES;
				COPY_PHASE_STRIP = NO;
				DEBUG_INFORMATION_FORMAT = dwarf;
				ENABLE_STRICT_OBJC_MSGSEND = YES;
				ENABLE_TESTABILITY = YES;
				GCC_C_LANGUAGE_STANDARD = gnu11;
				GCC_DYNAMIC_NO_PIC = NO;
				GCC_NO_COMMON_BLOCKS = YES;
				GCC_OPTIMIZATION_LEVEL = 0;
				GCC_PREPROCESSOR_DEFINITIONS = (
					"DEBUG=1",
					"$(inherited)",
				);
				GCC_WARN_64_TO_32_BIT_CONVERSION = YES;
				GCC_WARN_ABOUT_RETURN_TYPE = YES_ERROR;
				GCC_WARN_UNDECLARED_SELECTOR = YES;
				GCC_WARN_UNINITIALIZED_AUTOS = YES_AGGRESSIVE;
				GCC_WARN_UNUSED_FUNCTION = YES;
				GCC_WARN_UNUSED_VARIABLE = YES;
				IPHONEOS_DEPLOYMENT_TARGET = 15.4;
				MTL_ENABLE_DEBUG_INFO = INCLUDE_SOURCE;
				MTL_FAST_MATH = YES;
				ONLY_ACTIVE_ARCH = YES;
				SDKROOT = iphoneos;
				SWIFT_ACTIVE_COMPILATION_CONDITIONS = DEBUG;
				SWIFT_OPTIMIZATION_LEVEL = "-Onone";
			};
			name = Debug;
		};
		E5552C2D2865204900D299BB /* Release */ = {
			isa = XCBuildConfiguration;
			buildSettings = {
				ALWAYS_SEARCH_USER_PATHS = NO;
				CLANG_ANALYZER_NONNULL = YES;
				CLANG_ANALYZER_NUMBER_OBJECT_CONVERSION = YES_AGGRESSIVE;
				CLANG_CXX_LANGUAGE_STANDARD = "gnu++17";
				CLANG_ENABLE_MODULES = YES;
				CLANG_ENABLE_OBJC_ARC = YES;
				CLANG_ENABLE_OBJC_WEAK = YES;
				CLANG_WARN_BLOCK_CAPTURE_AUTORELEASING = YES;
				CLANG_WARN_BOOL_CONVERSION = YES;
				CLANG_WARN_COMMA = YES;
				CLANG_WARN_CONSTANT_CONVERSION = YES;
				CLANG_WARN_DEPRECATED_OBJC_IMPLEMENTATIONS = YES;
				CLANG_WARN_DIRECT_OBJC_ISA_USAGE = YES_ERROR;
				CLANG_WARN_DOCUMENTATION_COMMENTS = YES;
				CLANG_WARN_EMPTY_BODY = YES;
				CLANG_WARN_ENUM_CONVERSION = YES;
				CLANG_WARN_INFINITE_RECURSION = YES;
				CLANG_WARN_INT_CONVERSION = YES;
				CLANG_WARN_NON_LITERAL_NULL_CONVERSION = YES;
				CLANG_WARN_OBJC_IMPLICIT_RETAIN_SELF = YES;
				CLANG_WARN_OBJC_LITERAL_CONVERSION = YES;
				CLANG_WARN_OBJC_ROOT_CLASS = YES_ERROR;
				CLANG_WARN_QUOTED_INCLUDE_IN_FRAMEWORK_HEADER = YES;
				CLANG_WARN_RANGE_LOOP_ANALYSIS = YES;
				CLANG_WARN_STRICT_PROTOTYPES = YES;
				CLANG_WARN_SUSPICIOUS_MOVE = YES;
				CLANG_WARN_UNGUARDED_AVAILABILITY = YES_AGGRESSIVE;
				CLANG_WARN_UNREACHABLE_CODE = YES;
				CLANG_WARN__DUPLICATE_METHOD_MATCH = YES;
				COPY_PHASE_STRIP = NO;
				DEBUG_INFORMATION_FORMAT = "dwarf-with-dsym";
				ENABLE_NS_ASSERTIONS = NO;
				ENABLE_STRICT_OBJC_MSGSEND = YES;
				GCC_C_LANGUAGE_STANDARD = gnu11;
				GCC_NO_COMMON_BLOCKS = YES;
				GCC_WARN_64_TO_32_BIT_CONVERSION = YES;
				GCC_WARN_ABOUT_RETURN_TYPE = YES_ERROR;
				GCC_WARN_UNDECLARED_SELECTOR = YES;
				GCC_WARN_UNINITIALIZED_AUTOS = YES_AGGRESSIVE;
				GCC_WARN_UNUSED_FUNCTION = YES;
				GCC_WARN_UNUSED_VARIABLE = YES;
				IPHONEOS_DEPLOYMENT_TARGET = 15.4;
				MTL_ENABLE_DEBUG_INFO = NO;
				MTL_FAST_MATH = YES;
				SDKROOT = iphoneos;
				SWIFT_COMPILATION_MODE = wholemodule;
				SWIFT_OPTIMIZATION_LEVEL = "-O";
				VALIDATE_PRODUCT = YES;
			};
			name = Release;
		};
		E5552C2F2865204900D299BB /* Debug */ = {
			isa = XCBuildConfiguration;
			baseConfigurationReference = 566D5FFAB98B1038A40F8065 /* Pods-InvoiceManager.debug.xcconfig */;
			buildSettings = {
				ASSETCATALOG_COMPILER_APPICON_NAME = AppIcon;
				ASSETCATALOG_COMPILER_GLOBAL_ACCENT_COLOR_NAME = AccentColor;
				CODE_SIGN_STYLE = Automatic;
				CURRENT_PROJECT_VERSION = 1;
				GENERATE_INFOPLIST_FILE = YES;
				INFOPLIST_FILE = InvoiceManager/Info.plist;
				INFOPLIST_KEY_UIApplicationSupportsIndirectInputEvents = YES;
				INFOPLIST_KEY_UILaunchStoryboardName = LaunchScreen;
				INFOPLIST_KEY_UIMainStoryboardFile = Main;
				INFOPLIST_KEY_UISupportedInterfaceOrientations_iPad = "UIInterfaceOrientationPortrait UIInterfaceOrientationPortraitUpsideDown UIInterfaceOrientationLandscapeLeft UIInterfaceOrientationLandscapeRight";
				INFOPLIST_KEY_UISupportedInterfaceOrientations_iPhone = "UIInterfaceOrientationPortrait UIInterfaceOrientationLandscapeLeft UIInterfaceOrientationLandscapeRight";
				LD_RUNPATH_SEARCH_PATHS = (
					"$(inherited)",
					"@executable_path/Frameworks",
				);
				MARKETING_VERSION = 1.0;
				PRODUCT_BUNDLE_IDENTIFIER = com.keijisuzuki.InvoiceManager;
				PRODUCT_NAME = "$(TARGET_NAME)";
				SWIFT_EMIT_LOC_STRINGS = YES;
				SWIFT_VERSION = 5.0;
				TARGETED_DEVICE_FAMILY = "1,2";
			};
			name = Debug;
		};
		E5552C302865204900D299BB /* Release */ = {
			isa = XCBuildConfiguration;
			baseConfigurationReference = 7E289C8C880981B9BD7627EB /* Pods-InvoiceManager.release.xcconfig */;
			buildSettings = {
				ASSETCATALOG_COMPILER_APPICON_NAME = AppIcon;
				ASSETCATALOG_COMPILER_GLOBAL_ACCENT_COLOR_NAME = AccentColor;
				CODE_SIGN_STYLE = Automatic;
				CURRENT_PROJECT_VERSION = 1;
				GENERATE_INFOPLIST_FILE = YES;
				INFOPLIST_FILE = InvoiceManager/Info.plist;
				INFOPLIST_KEY_UIApplicationSupportsIndirectInputEvents = YES;
				INFOPLIST_KEY_UILaunchStoryboardName = LaunchScreen;
				INFOPLIST_KEY_UIMainStoryboardFile = Main;
				INFOPLIST_KEY_UISupportedInterfaceOrientations_iPad = "UIInterfaceOrientationPortrait UIInterfaceOrientationPortraitUpsideDown UIInterfaceOrientationLandscapeLeft UIInterfaceOrientationLandscapeRight";
				INFOPLIST_KEY_UISupportedInterfaceOrientations_iPhone = "UIInterfaceOrientationPortrait UIInterfaceOrientationLandscapeLeft UIInterfaceOrientationLandscapeRight";
				LD_RUNPATH_SEARCH_PATHS = (
					"$(inherited)",
					"@executable_path/Frameworks",
				);
				MARKETING_VERSION = 1.0;
				PRODUCT_BUNDLE_IDENTIFIER = com.keijisuzuki.InvoiceManager;
				PRODUCT_NAME = "$(TARGET_NAME)";
				SWIFT_EMIT_LOC_STRINGS = YES;
				SWIFT_VERSION = 5.0;
				TARGETED_DEVICE_FAMILY = "1,2";
			};
			name = Release;
		};
		F256DB4828754D5C0031CC05 /* Debug */ = {
			isa = XCBuildConfiguration;
			buildSettings = {
				BUNDLE_LOADER = "$(TEST_HOST)";
				CODE_SIGN_STYLE = Automatic;
				CURRENT_PROJECT_VERSION = 1;
				GENERATE_INFOPLIST_FILE = YES;
				IPHONEOS_DEPLOYMENT_TARGET = 15.5;
				MARKETING_VERSION = 1.0;
				PRODUCT_BUNDLE_IDENTIFIER = com.example.InvoiceManagerTests;
				PRODUCT_NAME = "$(TARGET_NAME)";
				SWIFT_EMIT_LOC_STRINGS = NO;
				SWIFT_VERSION = 5.0;
				TARGETED_DEVICE_FAMILY = "1,2";
				TEST_HOST = "$(BUILT_PRODUCTS_DIR)/InvoiceManager.app/InvoiceManager";
			};
			name = Debug;
		};
		F256DB4928754D5C0031CC05 /* Release */ = {
			isa = XCBuildConfiguration;
			buildSettings = {
				BUNDLE_LOADER = "$(TEST_HOST)";
				CODE_SIGN_STYLE = Automatic;
				CURRENT_PROJECT_VERSION = 1;
				GENERATE_INFOPLIST_FILE = YES;
				IPHONEOS_DEPLOYMENT_TARGET = 15.5;
				MARKETING_VERSION = 1.0;
				PRODUCT_BUNDLE_IDENTIFIER = com.example.InvoiceManagerTests;
				PRODUCT_NAME = "$(TARGET_NAME)";
				SWIFT_EMIT_LOC_STRINGS = NO;
				SWIFT_VERSION = 5.0;
				TARGETED_DEVICE_FAMILY = "1,2";
				TEST_HOST = "$(BUILT_PRODUCTS_DIR)/InvoiceManager.app/InvoiceManager";
			};
			name = Release;
		};
/* End XCBuildConfiguration section */

/* Begin XCConfigurationList section */
		E5552C152865204600D299BB /* Build configuration list for PBXProject "InvoiceManager" */ = {
			isa = XCConfigurationList;
			buildConfigurations = (
				E5552C2C2865204900D299BB /* Debug */,
				E5552C2D2865204900D299BB /* Release */,
			);
			defaultConfigurationIsVisible = 0;
			defaultConfigurationName = Release;
		};
		E5552C2E2865204900D299BB /* Build configuration list for PBXNativeTarget "InvoiceManager" */ = {
			isa = XCConfigurationList;
			buildConfigurations = (
				E5552C2F2865204900D299BB /* Debug */,
				E5552C302865204900D299BB /* Release */,
			);
			defaultConfigurationIsVisible = 0;
			defaultConfigurationName = Release;
		};
		F256DB4A28754D5C0031CC05 /* Build configuration list for PBXNativeTarget "InvoiceManagerTests" */ = {
			isa = XCConfigurationList;
			buildConfigurations = (
				F256DB4828754D5C0031CC05 /* Debug */,
				F256DB4928754D5C0031CC05 /* Release */,
			);
			defaultConfigurationIsVisible = 0;
			defaultConfigurationName = Release;
		};
/* End XCConfigurationList section */
	};
	rootObject = E5552C122865204600D299BB /* Project object */;
}
